// !$*UTF8*$!
{
	archiveVersion = 1;
	classes = {
	};
	objectVersion = 56;
	objects = {

/* Begin PBXBuildFile section */
		2C08520E29EA874C00A11890 /* PDFinderApp.swift in Sources */ = {isa = PBXBuildFile; fileRef = 2C08520D29EA874C00A11890 /* PDFinderApp.swift */; };
		2C08521029EA874C00A11890 /* ParentView.swift in Sources */ = {isa = PBXBuildFile; fileRef = 2C08520F29EA874C00A11890 /* ParentView.swift */; };
		2C08521229EA874F00A11890 /* Assets.xcassets in Resources */ = {isa = PBXBuildFile; fileRef = 2C08521129EA874F00A11890 /* Assets.xcassets */; };
		2C08521529EA874F00A11890 /* Preview Assets.xcassets in Resources */ = {isa = PBXBuildFile; fileRef = 2C08521429EA874F00A11890 /* Preview Assets.xcassets */; };
		2C08521D29EA879D00A11890 /* NavVM.swift in Sources */ = {isa = PBXBuildFile; fileRef = 2C08521C29EA879D00A11890 /* NavVM.swift */; };
		2C08522129EA887C00A11890 /* ScanView.swift in Sources */ = {isa = PBXBuildFile; fileRef = 2C08522029EA887C00A11890 /* ScanView.swift */; };
		2C08522329EA895900A11890 /* ScanVM.swift in Sources */ = {isa = PBXBuildFile; fileRef = 2C08522229EA895900A11890 /* ScanVM.swift */; };
		2C08522529EAC47500A11890 /* CameraView.swift in Sources */ = {isa = PBXBuildFile; fileRef = 2C08522429EAC47500A11890 /* CameraView.swift */; };
		2C08522729EB210400A11890 /* CodeDelegate.swift in Sources */ = {isa = PBXBuildFile; fileRef = 2C08522629EB210400A11890 /* CodeDelegate.swift */; };
		2C1287E829F6EA910021EC65 /* ListDocsVM.swift in Sources */ = {isa = PBXBuildFile; fileRef = 2C1287E729F6EA910021EC65 /* ListDocsVM.swift */; };
		2C1287EA29F6EAA30021EC65 /* ListDocsView.swift in Sources */ = {isa = PBXBuildFile; fileRef = 2C1287E929F6EAA30021EC65 /* ListDocsView.swift */; };
		2C1287ED29F7C4100021EC65 /* DocsModel.xcdatamodeld in Sources */ = {isa = PBXBuildFile; fileRef = 2C1287EB29F7C4100021EC65 /* DocsModel.xcdatamodeld */; };
		2C1287EF29F7C4660021EC65 /* CD.swift in Sources */ = {isa = PBXBuildFile; fileRef = 2C1287EE29F7C4660021EC65 /* CD.swift */; };
		2C8D4C3129FBAC5D00408309 /* RequestManager.swift in Sources */ = {isa = PBXBuildFile; fileRef = 2C8D4C3029FBAC5D00408309 /* RequestManager.swift */; };
		2C8D4C3329FBB19F00408309 /* RequestManagerInteraction.swift in Sources */ = {isa = PBXBuildFile; fileRef = 2C8D4C3229FBB19F00408309 /* RequestManagerInteraction.swift */; };
		2C9904222A049DB80045B97C /* ModeSelectorVM.swift in Sources */ = {isa = PBXBuildFile; fileRef = 2C9904212A049DB80045B97C /* ModeSelectorVM.swift */; };
		2C9904262A04A0C90045B97C /* ModeSelectorView.swift in Sources */ = {isa = PBXBuildFile; fileRef = 2C9904252A04A0C90045B97C /* ModeSelectorView.swift */; };
		2C99042A2A04C6CF0045B97C /* PathSelectorVM.swift in Sources */ = {isa = PBXBuildFile; fileRef = 2C9904292A04C6CF0045B97C /* PathSelectorVM.swift */; };
		2C99042C2A04C6DC0045B97C /* PathSelectorView.swift in Sources */ = {isa = PBXBuildFile; fileRef = 2C99042B2A04C6DC0045B97C /* PathSelectorView.swift */; };
		2C99042E2A04C9770045B97C /* PathModel.swift in Sources */ = {isa = PBXBuildFile; fileRef = 2C99042D2A04C9770045B97C /* PathModel.swift */; };
		2CAB697C29EC63F10053B39F /* BarcodeInteraction.swift in Sources */ = {isa = PBXBuildFile; fileRef = 2CAB697B29EC63F10053B39F /* BarcodeInteraction.swift */; };
		2CB09F3C29FD4BA30028DBAB /* ActivityIndicator.swift in Sources */ = {isa = PBXBuildFile; fileRef = 2CB09F3B29FD4BA30028DBAB /* ActivityIndicator.swift */; };
		2CB09F3E29FD6C190028DBAB /* Launch Screen.storyboard in Resources */ = {isa = PBXBuildFile; fileRef = 2CB09F3D29FD6C190028DBAB /* Launch Screen.storyboard */; };
		2CD9988129ED1D4C009DCA26 /* PdfVM.swift in Sources */ = {isa = PBXBuildFile; fileRef = 2CD9988029ED1D4C009DCA26 /* PdfVM.swift */; };
		2CD9988329ED1D53009DCA26 /* PdfView.swift in Sources */ = {isa = PBXBuildFile; fileRef = 2CD9988229ED1D53009DCA26 /* PdfView.swift */; };
		2CD9988629ED1D7A009DCA26 /* Alamofire in Frameworks */ = {isa = PBXBuildFile; productRef = 2CD9988529ED1D7A009DCA26 /* Alamofire */; };
		2CD9988829ED2D26009DCA26 /* PDFReader.swift in Sources */ = {isa = PBXBuildFile; fileRef = 2CD9988729ED2D26009DCA26 /* PDFReader.swift */; };
		2CEBFD7A29F92B0D00DEBEC0 /* SettingsVM.swift in Sources */ = {isa = PBXBuildFile; fileRef = 2CEBFD7929F92B0D00DEBEC0 /* SettingsVM.swift */; };
		2CEBFD7C29F92B1900DEBEC0 /* SettingsView.swift in Sources */ = {isa = PBXBuildFile; fileRef = 2CEBFD7B29F92B1900DEBEC0 /* SettingsView.swift */; };
		2CEBFD7E29F9504B00DEBEC0 /* UD.swift in Sources */ = {isa = PBXBuildFile; fileRef = 2CEBFD7D29F9504B00DEBEC0 /* UD.swift */; };
/* End PBXBuildFile section */

/* Begin PBXFileReference section */
		2C08520A29EA874C00A11890 /* PDFinder.app */ = {isa = PBXFileReference; explicitFileType = wrapper.application; includeInIndex = 0; path = PDFinder.app; sourceTree = BUILT_PRODUCTS_DIR; };
		2C08520D29EA874C00A11890 /* PDFinderApp.swift */ = {isa = PBXFileReference; lastKnownFileType = sourcecode.swift; path = PDFinderApp.swift; sourceTree = "<group>"; };
		2C08520F29EA874C00A11890 /* ParentView.swift */ = {isa = PBXFileReference; lastKnownFileType = sourcecode.swift; path = ParentView.swift; sourceTree = "<group>"; };
		2C08521129EA874F00A11890 /* Assets.xcassets */ = {isa = PBXFileReference; lastKnownFileType = folder.assetcatalog; path = Assets.xcassets; sourceTree = "<group>"; };
		2C08521429EA874F00A11890 /* Preview Assets.xcassets */ = {isa = PBXFileReference; lastKnownFileType = folder.assetcatalog; path = "Preview Assets.xcassets"; sourceTree = "<group>"; };
		2C08521C29EA879D00A11890 /* NavVM.swift */ = {isa = PBXFileReference; lastKnownFileType = sourcecode.swift; path = NavVM.swift; sourceTree = "<group>"; };
		2C08522029EA887C00A11890 /* ScanView.swift */ = {isa = PBXFileReference; lastKnownFileType = sourcecode.swift; path = ScanView.swift; sourceTree = "<group>"; };
		2C08522229EA895900A11890 /* ScanVM.swift */ = {isa = PBXFileReference; lastKnownFileType = sourcecode.swift; path = ScanVM.swift; sourceTree = "<group>"; };
		2C08522429EAC47500A11890 /* CameraView.swift */ = {isa = PBXFileReference; lastKnownFileType = sourcecode.swift; path = CameraView.swift; sourceTree = "<group>"; };
		2C08522629EB210400A11890 /* CodeDelegate.swift */ = {isa = PBXFileReference; lastKnownFileType = sourcecode.swift; path = CodeDelegate.swift; sourceTree = "<group>"; };
		2C1287E729F6EA910021EC65 /* ListDocsVM.swift */ = {isa = PBXFileReference; lastKnownFileType = sourcecode.swift; path = ListDocsVM.swift; sourceTree = "<group>"; };
		2C1287E929F6EAA30021EC65 /* ListDocsView.swift */ = {isa = PBXFileReference; lastKnownFileType = sourcecode.swift; path = ListDocsView.swift; sourceTree = "<group>"; };
		2C1287EC29F7C4100021EC65 /* DocsModel.xcdatamodel */ = {isa = PBXFileReference; lastKnownFileType = wrapper.xcdatamodel; path = DocsModel.xcdatamodel; sourceTree = "<group>"; };
		2C1287EE29F7C4660021EC65 /* CD.swift */ = {isa = PBXFileReference; lastKnownFileType = sourcecode.swift; path = CD.swift; sourceTree = "<group>"; };
		2C1287F029F807130021EC65 /* Info.plist */ = {isa = PBXFileReference; lastKnownFileType = text.plist; path = Info.plist; sourceTree = "<group>"; };
		2C8D4C3029FBAC5D00408309 /* RequestManager.swift */ = {isa = PBXFileReference; lastKnownFileType = sourcecode.swift; path = RequestManager.swift; sourceTree = "<group>"; };
		2C8D4C3229FBB19F00408309 /* RequestManagerInteraction.swift */ = {isa = PBXFileReference; lastKnownFileType = sourcecode.swift; path = RequestManagerInteraction.swift; sourceTree = "<group>"; };
		2C9904212A049DB80045B97C /* ModeSelectorVM.swift */ = {isa = PBXFileReference; lastKnownFileType = sourcecode.swift; path = ModeSelectorVM.swift; sourceTree = "<group>"; };
		2C9904252A04A0C90045B97C /* ModeSelectorView.swift */ = {isa = PBXFileReference; lastKnownFileType = sourcecode.swift; path = ModeSelectorView.swift; sourceTree = "<group>"; };
		2C9904292A04C6CF0045B97C /* PathSelectorVM.swift */ = {isa = PBXFileReference; lastKnownFileType = sourcecode.swift; path = PathSelectorVM.swift; sourceTree = "<group>"; };
		2C99042B2A04C6DC0045B97C /* PathSelectorView.swift */ = {isa = PBXFileReference; lastKnownFileType = sourcecode.swift; path = PathSelectorView.swift; sourceTree = "<group>"; };
		2C99042D2A04C9770045B97C /* PathModel.swift */ = {isa = PBXFileReference; lastKnownFileType = sourcecode.swift; path = PathModel.swift; sourceTree = "<group>"; };
		2CAB697B29EC63F10053B39F /* BarcodeInteraction.swift */ = {isa = PBXFileReference; lastKnownFileType = sourcecode.swift; path = BarcodeInteraction.swift; sourceTree = "<group>"; };
		2CB09F3B29FD4BA30028DBAB /* ActivityIndicator.swift */ = {isa = PBXFileReference; lastKnownFileType = sourcecode.swift; path = ActivityIndicator.swift; sourceTree = "<group>"; };
		2CB09F3D29FD6C190028DBAB /* Launch Screen.storyboard */ = {isa = PBXFileReference; lastKnownFileType = file.storyboard; path = "Launch Screen.storyboard"; sourceTree = "<group>"; };
		2CD9988029ED1D4C009DCA26 /* PdfVM.swift */ = {isa = PBXFileReference; lastKnownFileType = sourcecode.swift; path = PdfVM.swift; sourceTree = "<group>"; };
		2CD9988229ED1D53009DCA26 /* PdfView.swift */ = {isa = PBXFileReference; lastKnownFileType = sourcecode.swift; path = PdfView.swift; sourceTree = "<group>"; };
		2CD9988729ED2D26009DCA26 /* PDFReader.swift */ = {isa = PBXFileReference; lastKnownFileType = sourcecode.swift; path = PDFReader.swift; sourceTree = "<group>"; };
		2CEBFD7929F92B0D00DEBEC0 /* SettingsVM.swift */ = {isa = PBXFileReference; lastKnownFileType = sourcecode.swift; path = SettingsVM.swift; sourceTree = "<group>"; };
		2CEBFD7B29F92B1900DEBEC0 /* SettingsView.swift */ = {isa = PBXFileReference; lastKnownFileType = sourcecode.swift; path = SettingsView.swift; sourceTree = "<group>"; };
		2CEBFD7D29F9504B00DEBEC0 /* UD.swift */ = {isa = PBXFileReference; lastKnownFileType = sourcecode.swift; path = UD.swift; sourceTree = "<group>"; };
/* End PBXFileReference section */

/* Begin PBXFrameworksBuildPhase section */
		2C08520729EA874C00A11890 /* Frameworks */ = {
			isa = PBXFrameworksBuildPhase;
			buildActionMask = 2147483647;
			files = (
				2CD9988629ED1D7A009DCA26 /* Alamofire in Frameworks */,
			);
			runOnlyForDeploymentPostprocessing = 0;
		};
/* End PBXFrameworksBuildPhase section */

/* Begin PBXGroup section */
		2C08520129EA874C00A11890 = {
			isa = PBXGroup;
			children = (
				2C08520C29EA874C00A11890 /* PDFinder */,
				2C08520B29EA874C00A11890 /* Products */,
			);
			sourceTree = "<group>";
		};
		2C08520B29EA874C00A11890 /* Products */ = {
			isa = PBXGroup;
			children = (
				2C08520A29EA874C00A11890 /* PDFinder.app */,
			);
			name = Products;
			sourceTree = "<group>";
		};
		2C08520C29EA874C00A11890 /* PDFinder */ = {
			isa = PBXGroup;
			children = (
				2C08521329EA874F00A11890 /* Preview Content */,
				2C08521129EA874F00A11890 /* Assets.xcassets */,
				2C1287F029F807130021EC65 /* Info.plist */,
				2CEBFD7829F92AF700DEBEC0 /* Settings */,
				2C6FC9F029F6E3E800189E30 /* ListDocs */,
				2CD9987F29ED1D3D009DCA26 /* Main */,
				2C08521F29EA886F00A11890 /* Scan */,
				2C08521B29EA876200A11890 /* Common */,
			);
			path = PDFinder;
			sourceTree = "<group>";
		};
		2C08521329EA874F00A11890 /* Preview Content */ = {
			isa = PBXGroup;
			children = (
				2C08521429EA874F00A11890 /* Preview Assets.xcassets */,
			);
			path = "Preview Content";
			sourceTree = "<group>";
		};
		2C08521B29EA876200A11890 /* Common */ = {
			isa = PBXGroup;
			children = (
				2C08520D29EA874C00A11890 /* PDFinderApp.swift */,
				2C08520F29EA874C00A11890 /* ParentView.swift */,
				2C08521C29EA879D00A11890 /* NavVM.swift */,
				2C1287EE29F7C4660021EC65 /* CD.swift */,
				2CEBFD7D29F9504B00DEBEC0 /* UD.swift */,
				2CB09F3D29FD6C190028DBAB /* Launch Screen.storyboard */,
			);
			path = Common;
			sourceTree = "<group>";
		};
		2C08521F29EA886F00A11890 /* Scan */ = {
			isa = PBXGroup;
			children = (
				2C08522029EA887C00A11890 /* ScanView.swift */,
				2C08522229EA895900A11890 /* ScanVM.swift */,
				2C08522429EAC47500A11890 /* CameraView.swift */,
				2C08522629EB210400A11890 /* CodeDelegate.swift */,
				2CAB697B29EC63F10053B39F /* BarcodeInteraction.swift */,
				2C8D4C3029FBAC5D00408309 /* RequestManager.swift */,
				2C8D4C3229FBB19F00408309 /* RequestManagerInteraction.swift */,
				2CB09F3B29FD4BA30028DBAB /* ActivityIndicator.swift */,
			);
			path = Scan;
			sourceTree = "<group>";
		};
		2C6FC9F029F6E3E800189E30 /* ListDocs */ = {
			isa = PBXGroup;
			children = (
				2C1287E729F6EA910021EC65 /* ListDocsVM.swift */,
				2C1287E929F6EAA30021EC65 /* ListDocsView.swift */,
				2C1287EB29F7C4100021EC65 /* DocsModel.xcdatamodeld */,
			);
			path = ListDocs;
			sourceTree = "<group>";
		};
		2C9904272A04BEE40045B97C /* ModeSelector */ = {
			isa = PBXGroup;
			children = (
				2C9904212A049DB80045B97C /* ModeSelectorVM.swift */,
				2C9904252A04A0C90045B97C /* ModeSelectorView.swift */,
			);
			path = ModeSelector;
			sourceTree = "<group>";
		};
		2C9904282A04C6B60045B97C /* PathSelector */ = {
			isa = PBXGroup;
			children = (
				2C9904292A04C6CF0045B97C /* PathSelectorVM.swift */,
				2C99042B2A04C6DC0045B97C /* PathSelectorView.swift */,
				2C99042D2A04C9770045B97C /* PathModel.swift */,
			);
			path = PathSelector;
			sourceTree = "<group>";
		};
		2CD9987F29ED1D3D009DCA26 /* Main */ = {
			isa = PBXGroup;
			children = (
				2CD9988029ED1D4C009DCA26 /* PdfVM.swift */,
				2CD9988229ED1D53009DCA26 /* PdfView.swift */,
				2CD9988729ED2D26009DCA26 /* PDFReader.swift */,
			);
			path = Main;
			sourceTree = "<group>";
		};
		2CEBFD7829F92AF700DEBEC0 /* Settings */ = {
			isa = PBXGroup;
			children = (
				2C9904282A04C6B60045B97C /* PathSelector */,
				2C9904272A04BEE40045B97C /* ModeSelector */,
				2CEBFD7929F92B0D00DEBEC0 /* SettingsVM.swift */,
				2CEBFD7B29F92B1900DEBEC0 /* SettingsView.swift */,
			);
			path = Settings;
			sourceTree = "<group>";
		};
/* End PBXGroup section */

/* Begin PBXNativeTarget section */
		2C08520929EA874C00A11890 /* PDFinder */ = {
			isa = PBXNativeTarget;
			buildConfigurationList = 2C08521829EA874F00A11890 /* Build configuration list for PBXNativeTarget "PDFinder" */;
			buildPhases = (
				2C08520629EA874C00A11890 /* Sources */,
				2C08520729EA874C00A11890 /* Frameworks */,
				2C08520829EA874C00A11890 /* Resources */,
			);
			buildRules = (
			);
			dependencies = (
			);
			name = PDFinder;
			packageProductDependencies = (
				2CD9988529ED1D7A009DCA26 /* Alamofire */,
			);
			productName = PDFinder;
			productReference = 2C08520A29EA874C00A11890 /* PDFinder.app */;
			productType = "com.apple.product-type.application";
		};
/* End PBXNativeTarget section */

/* Begin PBXProject section */
		2C08520229EA874C00A11890 /* Project object */ = {
			isa = PBXProject;
			attributes = {
				BuildIndependentTargetsInParallel = 1;
				LastSwiftUpdateCheck = 1430;
				LastUpgradeCheck = 1430;
				TargetAttributes = {
					2C08520929EA874C00A11890 = {
						CreatedOnToolsVersion = 14.3;
					};
				};
			};
			buildConfigurationList = 2C08520529EA874C00A11890 /* Build configuration list for PBXProject "PDFinder" */;
			compatibilityVersion = "Xcode 14.0";
			developmentRegion = en;
			hasScannedForEncodings = 0;
			knownRegions = (
				en,
				Base,
			);
			mainGroup = 2C08520129EA874C00A11890;
			packageReferences = (
				2CD9988429ED1D7A009DCA26 /* XCRemoteSwiftPackageReference "Alamofire" */,
			);
			productRefGroup = 2C08520B29EA874C00A11890 /* Products */;
			projectDirPath = "";
			projectRoot = "";
			targets = (
				2C08520929EA874C00A11890 /* PDFinder */,
			);
		};
/* End PBXProject section */

/* Begin PBXResourcesBuildPhase section */
		2C08520829EA874C00A11890 /* Resources */ = {
			isa = PBXResourcesBuildPhase;
			buildActionMask = 2147483647;
			files = (
				2CB09F3E29FD6C190028DBAB /* Launch Screen.storyboard in Resources */,
				2C08521529EA874F00A11890 /* Preview Assets.xcassets in Resources */,
				2C08521229EA874F00A11890 /* Assets.xcassets in Resources */,
			);
			runOnlyForDeploymentPostprocessing = 0;
		};
/* End PBXResourcesBuildPhase section */

/* Begin PBXSourcesBuildPhase section */
		2C08520629EA874C00A11890 /* Sources */ = {
			isa = PBXSourcesBuildPhase;
			buildActionMask = 2147483647;
			files = (
				2C08521D29EA879D00A11890 /* NavVM.swift in Sources */,
				2C08522329EA895900A11890 /* ScanVM.swift in Sources */,
				2C9904222A049DB80045B97C /* ModeSelectorVM.swift in Sources */,
				2CEBFD7E29F9504B00DEBEC0 /* UD.swift in Sources */,
				2C08522129EA887C00A11890 /* ScanView.swift in Sources */,
				2CB09F3C29FD4BA30028DBAB /* ActivityIndicator.swift in Sources */,
				2CD9988329ED1D53009DCA26 /* PdfView.swift in Sources */,
				2C08522529EAC47500A11890 /* CameraView.swift in Sources */,
				2C99042A2A04C6CF0045B97C /* PathSelectorVM.swift in Sources */,
				2CEBFD7C29F92B1900DEBEC0 /* SettingsView.swift in Sources */,
				2C1287EA29F6EAA30021EC65 /* ListDocsView.swift in Sources */,
				2C8D4C3129FBAC5D00408309 /* RequestManager.swift in Sources */,
				2CD9988129ED1D4C009DCA26 /* PdfVM.swift in Sources */,
				2C08521029EA874C00A11890 /* ParentView.swift in Sources */,
				2C1287EF29F7C4660021EC65 /* CD.swift in Sources */,
				2C99042C2A04C6DC0045B97C /* PathSelectorView.swift in Sources */,
				2C99042E2A04C9770045B97C /* PathModel.swift in Sources */,
				2C1287ED29F7C4100021EC65 /* DocsModel.xcdatamodeld in Sources */,
				2C08520E29EA874C00A11890 /* PDFinderApp.swift in Sources */,
				2C9904262A04A0C90045B97C /* ModeSelectorView.swift in Sources */,
				2CAB697C29EC63F10053B39F /* BarcodeInteraction.swift in Sources */,
				2CD9988829ED2D26009DCA26 /* PDFReader.swift in Sources */,
				2C08522729EB210400A11890 /* CodeDelegate.swift in Sources */,
				2C1287E829F6EA910021EC65 /* ListDocsVM.swift in Sources */,
				2CEBFD7A29F92B0D00DEBEC0 /* SettingsVM.swift in Sources */,
				2C8D4C3329FBB19F00408309 /* RequestManagerInteraction.swift in Sources */,
			);
			runOnlyForDeploymentPostprocessing = 0;
		};
/* End PBXSourcesBuildPhase section */

/* Begin XCBuildConfiguration section */
		2C08521629EA874F00A11890 /* Debug */ = {
			isa = XCBuildConfiguration;
			buildSettings = {
				ALWAYS_SEARCH_USER_PATHS = NO;
				CLANG_ANALYZER_NONNULL = YES;
				CLANG_ANALYZER_NUMBER_OBJECT_CONVERSION = YES_AGGRESSIVE;
				CLANG_CXX_LANGUAGE_STANDARD = "gnu++20";
				CLANG_ENABLE_MODULES = YES;
				CLANG_ENABLE_OBJC_ARC = YES;
				CLANG_ENABLE_OBJC_WEAK = YES;
				CLANG_WARN_BLOCK_CAPTURE_AUTORELEASING = YES;
				CLANG_WARN_BOOL_CONVERSION = YES;
				CLANG_WARN_COMMA = YES;
				CLANG_WARN_CONSTANT_CONVERSION = YES;
				CLANG_WARN_DEPRECATED_OBJC_IMPLEMENTATIONS = YES;
				CLANG_WARN_DIRECT_OBJC_ISA_USAGE = YES_ERROR;
				CLANG_WARN_DOCUMENTATION_COMMENTS = YES;
				CLANG_WARN_EMPTY_BODY = YES;
				CLANG_WARN_ENUM_CONVERSION = YES;
				CLANG_WARN_INFINITE_RECURSION = YES;
				CLANG_WARN_INT_CONVERSION = YES;
				CLANG_WARN_NON_LITERAL_NULL_CONVERSION = YES;
				CLANG_WARN_OBJC_IMPLICIT_RETAIN_SELF = YES;
				CLANG_WARN_OBJC_LITERAL_CONVERSION = YES;
				CLANG_WARN_OBJC_ROOT_CLASS = YES_ERROR;
				CLANG_WARN_QUOTED_INCLUDE_IN_FRAMEWORK_HEADER = YES;
				CLANG_WARN_RANGE_LOOP_ANALYSIS = YES;
				CLANG_WARN_STRICT_PROTOTYPES = YES;
				CLANG_WARN_SUSPICIOUS_MOVE = YES;
				CLANG_WARN_UNGUARDED_AVAILABILITY = YES_AGGRESSIVE;
				CLANG_WARN_UNREACHABLE_CODE = YES;
				CLANG_WARN__DUPLICATE_METHOD_MATCH = YES;
				COPY_PHASE_STRIP = NO;
				DEBUG_INFORMATION_FORMAT = dwarf;
				ENABLE_STRICT_OBJC_MSGSEND = YES;
				ENABLE_TESTABILITY = YES;
				GCC_C_LANGUAGE_STANDARD = gnu11;
				GCC_DYNAMIC_NO_PIC = NO;
				GCC_NO_COMMON_BLOCKS = YES;
				GCC_OPTIMIZATION_LEVEL = 0;
				GCC_PREPROCESSOR_DEFINITIONS = (
					"DEBUG=1",
					"$(inherited)",
				);
				GCC_WARN_64_TO_32_BIT_CONVERSION = YES;
				GCC_WARN_ABOUT_RETURN_TYPE = YES_ERROR;
				GCC_WARN_UNDECLARED_SELECTOR = YES;
				GCC_WARN_UNINITIALIZED_AUTOS = YES_AGGRESSIVE;
				GCC_WARN_UNUSED_FUNCTION = YES;
				GCC_WARN_UNUSED_VARIABLE = YES;
				IPHONEOS_DEPLOYMENT_TARGET = 16.4;
				MTL_ENABLE_DEBUG_INFO = INCLUDE_SOURCE;
				MTL_FAST_MATH = YES;
				ONLY_ACTIVE_ARCH = YES;
				SDKROOT = iphoneos;
				SWIFT_ACTIVE_COMPILATION_CONDITIONS = DEBUG;
				SWIFT_OPTIMIZATION_LEVEL = "-Onone";
			};
			name = Debug;
		};
		2C08521729EA874F00A11890 /* Release */ = {
			isa = XCBuildConfiguration;
			buildSettings = {
				ALWAYS_SEARCH_USER_PATHS = NO;
				CLANG_ANALYZER_NONNULL = YES;
				CLANG_ANALYZER_NUMBER_OBJECT_CONVERSION = YES_AGGRESSIVE;
				CLANG_CXX_LANGUAGE_STANDARD = "gnu++20";
				CLANG_ENABLE_MODULES = YES;
				CLANG_ENABLE_OBJC_ARC = YES;
				CLANG_ENABLE_OBJC_WEAK = YES;
				CLANG_WARN_BLOCK_CAPTURE_AUTORELEASING = YES;
				CLANG_WARN_BOOL_CONVERSION = YES;
				CLANG_WARN_COMMA = YES;
				CLANG_WARN_CONSTANT_CONVERSION = YES;
				CLANG_WARN_DEPRECATED_OBJC_IMPLEMENTATIONS = YES;
				CLANG_WARN_DIRECT_OBJC_ISA_USAGE = YES_ERROR;
				CLANG_WARN_DOCUMENTATION_COMMENTS = YES;
				CLANG_WARN_EMPTY_BODY = YES;
				CLANG_WARN_ENUM_CONVERSION = YES;
				CLANG_WARN_INFINITE_RECURSION = YES;
				CLANG_WARN_INT_CONVERSION = YES;
				CLANG_WARN_NON_LITERAL_NULL_CONVERSION = YES;
				CLANG_WARN_OBJC_IMPLICIT_RETAIN_SELF = YES;
				CLANG_WARN_OBJC_LITERAL_CONVERSION = YES;
				CLANG_WARN_OBJC_ROOT_CLASS = YES_ERROR;
				CLANG_WARN_QUOTED_INCLUDE_IN_FRAMEWORK_HEADER = YES;
				CLANG_WARN_RANGE_LOOP_ANALYSIS = YES;
				CLANG_WARN_STRICT_PROTOTYPES = YES;
				CLANG_WARN_SUSPICIOUS_MOVE = YES;
				CLANG_WARN_UNGUARDED_AVAILABILITY = YES_AGGRESSIVE;
				CLANG_WARN_UNREACHABLE_CODE = YES;
				CLANG_WARN__DUPLICATE_METHOD_MATCH = YES;
				COPY_PHASE_STRIP = NO;
				DEBUG_INFORMATION_FORMAT = "dwarf-with-dsym";
				ENABLE_NS_ASSERTIONS = NO;
				ENABLE_STRICT_OBJC_MSGSEND = YES;
				GCC_C_LANGUAGE_STANDARD = gnu11;
				GCC_NO_COMMON_BLOCKS = YES;
				GCC_WARN_64_TO_32_BIT_CONVERSION = YES;
				GCC_WARN_ABOUT_RETURN_TYPE = YES_ERROR;
				GCC_WARN_UNDECLARED_SELECTOR = YES;
				GCC_WARN_UNINITIALIZED_AUTOS = YES_AGGRESSIVE;
				GCC_WARN_UNUSED_FUNCTION = YES;
				GCC_WARN_UNUSED_VARIABLE = YES;
				IPHONEOS_DEPLOYMENT_TARGET = 16.4;
				MTL_ENABLE_DEBUG_INFO = NO;
				MTL_FAST_MATH = YES;
				SDKROOT = iphoneos;
				SWIFT_COMPILATION_MODE = wholemodule;
				SWIFT_OPTIMIZATION_LEVEL = "-O";
				VALIDATE_PRODUCT = YES;
			};
			name = Release;
		};
		2C08521929EA874F00A11890 /* Debug */ = {
			isa = XCBuildConfiguration;
			buildSettings = {
				ASSETCATALOG_COMPILER_APPICON_NAME = AppIcon;
				ASSETCATALOG_COMPILER_GLOBAL_ACCENT_COLOR_NAME = AccentColor;
				CODE_SIGN_STYLE = Automatic;
				CURRENT_PROJECT_VERSION = 1;
				DEVELOPMENT_ASSET_PATHS = "\"PDFinder/Preview Content\"";
				DEVELOPMENT_TEAM = N5Q5NU635P;
				ENABLE_PREVIEWS = YES;
				GENERATE_INFOPLIST_FILE = YES;
				INFOPLIST_FILE = PDFinder/Info.plist;
				INFOPLIST_KEY_NSCameraUsageDescription = "Камера нужна для считывания штрих-кодов";
				INFOPLIST_KEY_NSLocalNetworkUsageDescription = "Разрешение нужно для поиска файлов на выбранном сервере";
				INFOPLIST_KEY_UIApplicationSceneManifest_Generation = YES;
				INFOPLIST_KEY_UIApplicationSupportsIndirectInputEvents = YES;
				INFOPLIST_KEY_UILaunchScreen_Generation = YES;
				INFOPLIST_KEY_UILaunchStoryboardName = "Launch Screen.storyboard";
				INFOPLIST_KEY_UISupportedInterfaceOrientations_iPad = "UIInterfaceOrientationPortrait UIInterfaceOrientationPortraitUpsideDown UIInterfaceOrientationLandscapeLeft UIInterfaceOrientationLandscapeRight";
				INFOPLIST_KEY_UISupportedInterfaceOrientations_iPhone = "UIInterfaceOrientationPortrait UIInterfaceOrientationLandscapeLeft UIInterfaceOrientationLandscapeRight";
				LD_RUNPATH_SEARCH_PATHS = (
					"$(inherited)",
					"@executable_path/Frameworks",
				);
				MARKETING_VERSION = 1.0;
				PRODUCT_BUNDLE_IDENTIFIER = a.PDFinder;
				PRODUCT_NAME = "$(TARGET_NAME)";
				SWIFT_EMIT_LOC_STRINGS = YES;
				SWIFT_VERSION = 5.0;
				TARGETED_DEVICE_FAMILY = "1,2";
			};
			name = Debug;
		};
		2C08521A29EA874F00A11890 /* Release */ = {
			isa = XCBuildConfiguration;
			buildSettings = {
				ASSETCATALOG_COMPILER_APPICON_NAME = AppIcon;
				ASSETCATALOG_COMPILER_GLOBAL_ACCENT_COLOR_NAME = AccentColor;
				CODE_SIGN_STYLE = Automatic;
				CURRENT_PROJECT_VERSION = 1;
				DEVELOPMENT_ASSET_PATHS = "\"PDFinder/Preview Content\"";
				DEVELOPMENT_TEAM = N5Q5NU635P;
				ENABLE_PREVIEWS = YES;
				GENERATE_INFOPLIST_FILE = YES;
				INFOPLIST_FILE = PDFinder/Info.plist;
				INFOPLIST_KEY_NSCameraUsageDescription = "Камера нужна для считывания штрих-кодов";
				INFOPLIST_KEY_NSLocalNetworkUsageDescription = "Разрешение нужно для поиска файлов на выбранном сервере";
				INFOPLIST_KEY_UIApplicationSceneManifest_Generation = YES;
				INFOPLIST_KEY_UIApplicationSupportsIndirectInputEvents = YES;
				INFOPLIST_KEY_UILaunchScreen_Generation = YES;
				INFOPLIST_KEY_UILaunchStoryboardName = "Launch Screen.storyboard";
				INFOPLIST_KEY_UISupportedInterfaceOrientations_iPad = "UIInterfaceOrientationPortrait UIInterfaceOrientationPortraitUpsideDown UIInterfaceOrientationLandscapeLeft UIInterfaceOrientationLandscapeRight";
				INFOPLIST_KEY_UISupportedInterfaceOrientations_iPhone = "UIInterfaceOrientationPortrait UIInterfaceOrientationLandscapeLeft UIInterfaceOrientationLandscapeRight";
				LD_RUNPATH_SEARCH_PATHS = (
					"$(inherited)",
					"@executable_path/Frameworks",
				);
				MARKETING_VERSION = 1.0;
				PRODUCT_BUNDLE_IDENTIFIER = a.PDFinder;
				PRODUCT_NAME = "$(TARGET_NAME)";
				SWIFT_EMIT_LOC_STRINGS = YES;
				SWIFT_VERSION = 5.0;
				TARGETED_DEVICE_FAMILY = "1,2";
			};
			name = Release;
		};
/* End XCBuildConfiguration section */

/* Begin XCConfigurationList section */
		2C08520529EA874C00A11890 /* Build configuration list for PBXProject "PDFinder" */ = {
			isa = XCConfigurationList;
			buildConfigurations = (
				2C08521629EA874F00A11890 /* Debug */,
				2C08521729EA874F00A11890 /* Release */,
			);
			defaultConfigurationIsVisible = 0;
			defaultConfigurationName = Release;
		};
		2C08521829EA874F00A11890 /* Build configuration list for PBXNativeTarget "PDFinder" */ = {
			isa = XCConfigurationList;
			buildConfigurations = (
				2C08521929EA874F00A11890 /* Debug */,
				2C08521A29EA874F00A11890 /* Release */,
			);
			defaultConfigurationIsVisible = 0;
			defaultConfigurationName = Release;
		};
/* End XCConfigurationList section */

/* Begin XCRemoteSwiftPackageReference section */
		2CD9988429ED1D7A009DCA26 /* XCRemoteSwiftPackageReference "Alamofire" */ = {
			isa = XCRemoteSwiftPackageReference;
			repositoryURL = "https://github.com/Alamofire/Alamofire";
			requirement = {
				kind = upToNextMajorVersion;
				minimumVersion = 5.0.0;
			};
		};
/* End XCRemoteSwiftPackageReference section */

/* Begin XCSwiftPackageProductDependency section */
		2CD9988529ED1D7A009DCA26 /* Alamofire */ = {
			isa = XCSwiftPackageProductDependency;
			package = 2CD9988429ED1D7A009DCA26 /* XCRemoteSwiftPackageReference "Alamofire" */;
			productName = Alamofire;
		};
/* End XCSwiftPackageProductDependency section */

/* Begin XCVersionGroup section */
		2C1287EB29F7C4100021EC65 /* DocsModel.xcdatamodeld */ = {
			isa = XCVersionGroup;
			children = (
				2C1287EC29F7C4100021EC65 /* DocsModel.xcdatamodel */,
			);
			currentVersion = 2C1287EC29F7C4100021EC65 /* DocsModel.xcdatamodel */;
			path = DocsModel.xcdatamodeld;
			sourceTree = "<group>";
			versionGroupType = wrapper.xcdatamodel;
		};
/* End XCVersionGroup section */
	};
	rootObject = 2C08520229EA874C00A11890 /* Project object */;
}
